PODS:
  - Alamofire (4.7.3)
  - KeychainSwift (11.0.0)
  - ObjectMapper (3.3.0)
  - OHHTTPStubs (6.1.0):
    - OHHTTPStubs/Default (= 6.1.0)
  - OHHTTPStubs/Core (6.1.0)
  - OHHTTPStubs/Default (6.1.0):
    - OHHTTPStubs/Core
    - OHHTTPStubs/JSON
    - OHHTTPStubs/NSURLSession
    - OHHTTPStubs/OHPathHelpers
  - OHHTTPStubs/JSON (6.1.0):
    - OHHTTPStubs/Core
  - OHHTTPStubs/NSURLSession (6.1.0):
    - OHHTTPStubs/Core
  - OHHTTPStubs/OHPathHelpers (6.1.0)
  - OHHTTPStubs/Swift (6.1.0):
    - OHHTTPStubs/Default
  - SwiftyJSON (4.1.0)

DEPENDENCIES:
  - Alamofire
  - KeychainSwift
  - ObjectMapper
  - OHHTTPStubs
  - OHHTTPStubs/Swift
  - SwiftyJSON

SPEC REPOS:
  https://github.com/cocoapods/specs.git:
    - Alamofire
    - KeychainSwift
    - ObjectMapper
    - OHHTTPStubs
    - SwiftyJSON

SPEC CHECKSUMS:
  Alamofire: c7287b6e5d7da964a70935e5db17046b7fde6568
  KeychainSwift: bea6bd9f98af7b8d7ca4aa79fe105c00fab532db
  ObjectMapper: b612bf8c8e99c4dc0bb6013a51f7c27966ed5da9
  OHHTTPStubs: 1e21c7d2c084b8153fc53d48400d8919d2d432d0
  SwiftyJSON: c29297daf073d2aa016295d5809cdd68045c39b3

PODFILE CHECKSUM: 3abb5a8bf37894f0c8eb1f1cbb3d5b45753174c3

COCOAPODS: 1.5.3
