// !$*UTF8*$!
{
	archiveVersion = 1;
	classes = {
	};
	objectVersion = 46;
	objects = {

/* Begin PBXBuildFile section */
		2D11420DED589D2F582D1DC6 /* Pods_iHungryUITests.framework in Frameworks */ = {isa = PBXBuildFile; fileRef = C3AAA52C4BBC3ED32D6BE2AF /* Pods_iHungryUITests.framework */; };
		3E983318A07B098F7C733A9C /* Pods_iHungry.framework in Frameworks */ = {isa = PBXBuildFile; fileRef = 83FDD2A5E783905EB52DCAEE /* Pods_iHungry.framework */; };
		52F12DCF3FCF4E133354E380 /* Pods_iHungryTests.framework in Frameworks */ = {isa = PBXBuildFile; fileRef = 28A101800B97881493C2445B /* Pods_iHungryTests.framework */; };
		61221B641E2EC59400268502 /* HomeViewController.swift in Sources */ = {isa = PBXBuildFile; fileRef = 61221B631E2EC59400268502 /* HomeViewController.swift */; };
		6122BE831E2FD627000B6DF6 /* OrderManager.swift in Sources */ = {isa = PBXBuildFile; fileRef = 6122BE821E2FD627000B6DF6 /* OrderManager.swift */; };
		612F095C1E2EDEF60008750D /* NetworkManager.swift in Sources */ = {isa = PBXBuildFile; fileRef = 612F095B1E2EDEF60008750D /* NetworkManager.swift */; };
		616733CF1E3123D20092E3EA /* CoreDataManager.swift in Sources */ = {isa = PBXBuildFile; fileRef = 616733CE1E3123D20092E3EA /* CoreDataManager.swift */; };
		619A4A291E3297DC007045DA /* HomeCustomTableViewCell.swift in Sources */ = {isa = PBXBuildFile; fileRef = 619A4A271E3297DC007045DA /* HomeCustomTableViewCell.swift */; };
		619A4A2A1E3297DC007045DA /* HomeCustomTableViewCell.xib in Resources */ = {isa = PBXBuildFile; fileRef = 619A4A281E3297DC007045DA /* HomeCustomTableViewCell.xib */; };
		619A4A2C1E329DB5007045DA /* RoundedImageView.swift in Sources */ = {isa = PBXBuildFile; fileRef = 619A4A2B1E329DB5007045DA /* RoundedImageView.swift */; };
		61A2916A1E32EAB200464095 /* FoodMenuCustomTableViewCell.swift in Sources */ = {isa = PBXBuildFile; fileRef = 61A291681E32EAB200464095 /* FoodMenuCustomTableViewCell.swift */; };
		61A2916B1E32EAB200464095 /* FoodMenuCustomTableViewCell.xib in Resources */ = {isa = PBXBuildFile; fileRef = 61A291691E32EAB200464095 /* FoodMenuCustomTableViewCell.xib */; };
		61AC752A1E2C264A00E13F92 /* RoundedView.swift in Sources */ = {isa = PBXBuildFile; fileRef = 61AC75271E2C264A00E13F92 /* RoundedView.swift */; };
		61AC752B1E2C264A00E13F92 /* RoundedButton.swift in Sources */ = {isa = PBXBuildFile; fileRef = 61AC75281E2C264A00E13F92 /* RoundedButton.swift */; };
		61AC752C1E2C264A00E13F92 /* RoundedTextField.swift in Sources */ = {isa = PBXBuildFile; fileRef = 61AC75291E2C264A00E13F92 /* RoundedTextField.swift */; };
		61C0EBE91E30542B004643B1 /* FoodMenuViewController.swift in Sources */ = {isa = PBXBuildFile; fileRef = 61C0EBE81E30542B004643B1 /* FoodMenuViewController.swift */; };
		61E077351E2ED06800EFDF39 /* LoginManager.swift in Sources */ = {isa = PBXBuildFile; fileRef = 61E077341E2ED06800EFDF39 /* LoginManager.swift */; };
		61E077371E2ED17C00EFDF39 /* URLs.swift in Sources */ = {isa = PBXBuildFile; fileRef = 61E077361E2ED17C00EFDF39 /* URLs.swift */; };
		61E077391E2ED1CC00EFDF39 /* NetworkHelpers.swift in Sources */ = {isa = PBXBuildFile; fileRef = 61E077381E2ED1CC00EFDF39 /* NetworkHelpers.swift */; };
		61E0773C1E2ED60400EFDF39 /* auth.json in Resources */ = {isa = PBXBuildFile; fileRef = 61E0773B1E2ED60400EFDF39 /* auth.json */; };
		61E0799C1E33094F005C7B05 /* FoodVO.swift in Sources */ = {isa = PBXBuildFile; fileRef = 61E0799B1E33094F005C7B05 /* FoodVO.swift */; };
		61E0799E1E330ED8005C7B05 /* foodMenu.json in Resources */ = {isa = PBXBuildFile; fileRef = 61E0799D1E330ED8005C7B05 /* foodMenu.json */; };
		61E079A01E33170B005C7B05 /* FoodMenuManager.swift in Sources */ = {isa = PBXBuildFile; fileRef = 61E0799F1E33170B005C7B05 /* FoodMenuManager.swift */; };
		61F3967F1E3007F40074AA47 /* OrderVO.swift in Sources */ = {isa = PBXBuildFile; fileRef = 61F3967E1E3007F40074AA47 /* OrderVO.swift */; };
		61F5DF6E1E2BED6D002F18B0 /* AppDelegate.swift in Sources */ = {isa = PBXBuildFile; fileRef = 61F5DF6D1E2BED6D002F18B0 /* AppDelegate.swift */; };
		61F5DF701E2BED6D002F18B0 /* LoginViewController.swift in Sources */ = {isa = PBXBuildFile; fileRef = 61F5DF6F1E2BED6D002F18B0 /* LoginViewController.swift */; };
		61F5DF731E2BED6D002F18B0 /* Main.storyboard in Resources */ = {isa = PBXBuildFile; fileRef = 61F5DF711E2BED6D002F18B0 /* Main.storyboard */; };
		61F5DF761E2BED6D002F18B0 /* iHungry.xcdatamodeld in Sources */ = {isa = PBXBuildFile; fileRef = 61F5DF741E2BED6D002F18B0 /* iHungry.xcdatamodeld */; };
		61F5DF781E2BED6D002F18B0 /* Assets.xcassets in Resources */ = {isa = PBXBuildFile; fileRef = 61F5DF771E2BED6D002F18B0 /* Assets.xcassets */; };
		61F5DF7B1E2BED6D002F18B0 /* LaunchScreen.storyboard in Resources */ = {isa = PBXBuildFile; fileRef = 61F5DF791E2BED6D002F18B0 /* LaunchScreen.storyboard */; };
		61F5DF861E2BED6D002F18B0 /* iHungryTests.swift in Sources */ = {isa = PBXBuildFile; fileRef = 61F5DF851E2BED6D002F18B0 /* iHungryTests.swift */; };
		61F5DF911E2BED6D002F18B0 /* iHungryUITests.swift in Sources */ = {isa = PBXBuildFile; fileRef = 61F5DF901E2BED6D002F18B0 /* iHungryUITests.swift */; };
/* End PBXBuildFile section */

/* Begin PBXContainerItemProxy section */
		61F5DF821E2BED6D002F18B0 /* PBXContainerItemProxy */ = {
			isa = PBXContainerItemProxy;
			containerPortal = 61F5DF621E2BED6D002F18B0 /* Project object */;
			proxyType = 1;
			remoteGlobalIDString = 61F5DF691E2BED6D002F18B0;
			remoteInfo = iHungry;
		};
		61F5DF8D1E2BED6D002F18B0 /* PBXContainerItemProxy */ = {
			isa = PBXContainerItemProxy;
			containerPortal = 61F5DF621E2BED6D002F18B0 /* Project object */;
			proxyType = 1;
			remoteGlobalIDString = 61F5DF691E2BED6D002F18B0;
			remoteInfo = iHungry;
		};
/* End PBXContainerItemProxy section */

/* Begin PBXFileReference section */
		28A101800B97881493C2445B /* Pods_iHungryTests.framework */ = {isa = PBXFileReference; explicitFileType = wrapper.framework; includeInIndex = 0; path = Pods_iHungryTests.framework; sourceTree = BUILT_PRODUCTS_DIR; };
		4A9E5D33CAFE4EF238629FB5 /* Pods-iHungryTests.release.xcconfig */ = {isa = PBXFileReference; includeInIndex = 1; lastKnownFileType = text.xcconfig; name = "Pods-iHungryTests.release.xcconfig"; path = "Pods/Target Support Files/Pods-iHungryTests/Pods-iHungryTests.release.xcconfig"; sourceTree = "<group>"; };
		61221B631E2EC59400268502 /* HomeViewController.swift */ = {isa = PBXFileReference; fileEncoding = 4; lastKnownFileType = sourcecode.swift; path = HomeViewController.swift; sourceTree = "<group>"; };
		6122BE821E2FD627000B6DF6 /* OrderManager.swift */ = {isa = PBXFileReference; fileEncoding = 4; lastKnownFileType = sourcecode.swift; path = OrderManager.swift; sourceTree = "<group>"; };
		612F095B1E2EDEF60008750D /* NetworkManager.swift */ = {isa = PBXFileReference; fileEncoding = 4; lastKnownFileType = sourcecode.swift; path = NetworkManager.swift; sourceTree = "<group>"; };
		616733CE1E3123D20092E3EA /* CoreDataManager.swift */ = {isa = PBXFileReference; fileEncoding = 4; lastKnownFileType = sourcecode.swift; path = CoreDataManager.swift; sourceTree = "<group>"; };
		619A4A271E3297DC007045DA /* HomeCustomTableViewCell.swift */ = {isa = PBXFileReference; fileEncoding = 4; lastKnownFileType = sourcecode.swift; path = HomeCustomTableViewCell.swift; sourceTree = "<group>"; };
		619A4A281E3297DC007045DA /* HomeCustomTableViewCell.xib */ = {isa = PBXFileReference; fileEncoding = 4; lastKnownFileType = file.xib; path = HomeCustomTableViewCell.xib; sourceTree = "<group>"; };
		619A4A2B1E329DB5007045DA /* RoundedImageView.swift */ = {isa = PBXFileReference; fileEncoding = 4; lastKnownFileType = sourcecode.swift; path = RoundedImageView.swift; sourceTree = "<group>"; };
		61A291681E32EAB200464095 /* FoodMenuCustomTableViewCell.swift */ = {isa = PBXFileReference; fileEncoding = 4; lastKnownFileType = sourcecode.swift; path = FoodMenuCustomTableViewCell.swift; sourceTree = "<group>"; };
		61A291691E32EAB200464095 /* FoodMenuCustomTableViewCell.xib */ = {isa = PBXFileReference; fileEncoding = 4; lastKnownFileType = file.xib; path = FoodMenuCustomTableViewCell.xib; sourceTree = "<group>"; };
		61AC75271E2C264A00E13F92 /* RoundedView.swift */ = {isa = PBXFileReference; fileEncoding = 4; lastKnownFileType = sourcecode.swift; path = RoundedView.swift; sourceTree = "<group>"; };
		61AC75281E2C264A00E13F92 /* RoundedButton.swift */ = {isa = PBXFileReference; fileEncoding = 4; lastKnownFileType = sourcecode.swift; path = RoundedButton.swift; sourceTree = "<group>"; };
		61AC75291E2C264A00E13F92 /* RoundedTextField.swift */ = {isa = PBXFileReference; fileEncoding = 4; lastKnownFileType = sourcecode.swift; path = RoundedTextField.swift; sourceTree = "<group>"; };
		61C0EBE81E30542B004643B1 /* FoodMenuViewController.swift */ = {isa = PBXFileReference; fileEncoding = 4; lastKnownFileType = sourcecode.swift; path = FoodMenuViewController.swift; sourceTree = "<group>"; };
		61E077341E2ED06800EFDF39 /* LoginManager.swift */ = {isa = PBXFileReference; fileEncoding = 4; lastKnownFileType = sourcecode.swift; path = LoginManager.swift; sourceTree = "<group>"; };
		61E077361E2ED17C00EFDF39 /* URLs.swift */ = {isa = PBXFileReference; fileEncoding = 4; lastKnownFileType = sourcecode.swift; path = URLs.swift; sourceTree = "<group>"; };
		61E077381E2ED1CC00EFDF39 /* NetworkHelpers.swift */ = {isa = PBXFileReference; fileEncoding = 4; lastKnownFileType = sourcecode.swift; path = NetworkHelpers.swift; sourceTree = "<group>"; };
		61E0773B1E2ED60400EFDF39 /* auth.json */ = {isa = PBXFileReference; fileEncoding = 4; lastKnownFileType = text.json; path = auth.json; sourceTree = "<group>"; };
		61E0799B1E33094F005C7B05 /* FoodVO.swift */ = {isa = PBXFileReference; fileEncoding = 4; lastKnownFileType = sourcecode.swift; path = FoodVO.swift; sourceTree = "<group>"; };
		61E0799D1E330ED8005C7B05 /* foodMenu.json */ = {isa = PBXFileReference; fileEncoding = 4; lastKnownFileType = text.json; path = foodMenu.json; sourceTree = "<group>"; };
		61E0799F1E33170B005C7B05 /* FoodMenuManager.swift */ = {isa = PBXFileReference; fileEncoding = 4; lastKnownFileType = sourcecode.swift; path = FoodMenuManager.swift; sourceTree = "<group>"; };
		61F3967E1E3007F40074AA47 /* OrderVO.swift */ = {isa = PBXFileReference; fileEncoding = 4; lastKnownFileType = sourcecode.swift; path = OrderVO.swift; sourceTree = "<group>"; };
		61F5DF6A1E2BED6D002F18B0 /* iHungry.app */ = {isa = PBXFileReference; explicitFileType = wrapper.application; includeInIndex = 0; path = iHungry.app; sourceTree = BUILT_PRODUCTS_DIR; };
		61F5DF6D1E2BED6D002F18B0 /* AppDelegate.swift */ = {isa = PBXFileReference; lastKnownFileType = sourcecode.swift; path = AppDelegate.swift; sourceTree = "<group>"; };
		61F5DF6F1E2BED6D002F18B0 /* LoginViewController.swift */ = {isa = PBXFileReference; lastKnownFileType = sourcecode.swift; path = LoginViewController.swift; sourceTree = "<group>"; };
		61F5DF721E2BED6D002F18B0 /* Base */ = {isa = PBXFileReference; lastKnownFileType = file.storyboard; name = Base; path = Base.lproj/Main.storyboard; sourceTree = "<group>"; };
		61F5DF751E2BED6D002F18B0 /* iHungry.xcdatamodel */ = {isa = PBXFileReference; lastKnownFileType = wrapper.xcdatamodel; path = iHungry.xcdatamodel; sourceTree = "<group>"; };
		61F5DF771E2BED6D002F18B0 /* Assets.xcassets */ = {isa = PBXFileReference; lastKnownFileType = folder.assetcatalog; path = Assets.xcassets; sourceTree = "<group>"; };
		61F5DF7A1E2BED6D002F18B0 /* Base */ = {isa = PBXFileReference; lastKnownFileType = file.storyboard; name = Base; path = Base.lproj/LaunchScreen.storyboard; sourceTree = "<group>"; };
		61F5DF7C1E2BED6D002F18B0 /* Info.plist */ = {isa = PBXFileReference; lastKnownFileType = text.plist.xml; path = Info.plist; sourceTree = "<group>"; };
		61F5DF811E2BED6D002F18B0 /* iHungryTests.xctest */ = {isa = PBXFileReference; explicitFileType = wrapper.cfbundle; includeInIndex = 0; path = iHungryTests.xctest; sourceTree = BUILT_PRODUCTS_DIR; };
		61F5DF851E2BED6D002F18B0 /* iHungryTests.swift */ = {isa = PBXFileReference; lastKnownFileType = sourcecode.swift; path = iHungryTests.swift; sourceTree = "<group>"; };
		61F5DF871E2BED6D002F18B0 /* Info.plist */ = {isa = PBXFileReference; lastKnownFileType = text.plist.xml; path = Info.plist; sourceTree = "<group>"; };
		61F5DF8C1E2BED6D002F18B0 /* iHungryUITests.xctest */ = {isa = PBXFileReference; explicitFileType = wrapper.cfbundle; includeInIndex = 0; path = iHungryUITests.xctest; sourceTree = BUILT_PRODUCTS_DIR; };
		61F5DF901E2BED6D002F18B0 /* iHungryUITests.swift */ = {isa = PBXFileReference; lastKnownFileType = sourcecode.swift; path = iHungryUITests.swift; sourceTree = "<group>"; };
		61F5DF921E2BED6D002F18B0 /* Info.plist */ = {isa = PBXFileReference; lastKnownFileType = text.plist.xml; path = Info.plist; sourceTree = "<group>"; };
		7A69D180BEA9E30E7212862D /* Pods-iHungryUITests.debug.xcconfig */ = {isa = PBXFileReference; includeInIndex = 1; lastKnownFileType = text.xcconfig; name = "Pods-iHungryUITests.debug.xcconfig"; path = "Pods/Target Support Files/Pods-iHungryUITests/Pods-iHungryUITests.debug.xcconfig"; sourceTree = "<group>"; };
		7D704046631F5B1FA7016291 /* Pods-iHungry.release.xcconfig */ = {isa = PBXFileReference; includeInIndex = 1; lastKnownFileType = text.xcconfig; name = "Pods-iHungry.release.xcconfig"; path = "Pods/Target Support Files/Pods-iHungry/Pods-iHungry.release.xcconfig"; sourceTree = "<group>"; };
		83FDD2A5E783905EB52DCAEE /* Pods_iHungry.framework */ = {isa = PBXFileReference; explicitFileType = wrapper.framework; includeInIndex = 0; path = Pods_iHungry.framework; sourceTree = BUILT_PRODUCTS_DIR; };
		8D769E19F9BC6425D40315B4 /* Pods-iHungryUITests.release.xcconfig */ = {isa = PBXFileReference; includeInIndex = 1; lastKnownFileType = text.xcconfig; name = "Pods-iHungryUITests.release.xcconfig"; path = "Pods/Target Support Files/Pods-iHungryUITests/Pods-iHungryUITests.release.xcconfig"; sourceTree = "<group>"; };
		95FD14C6CD6AFD39D49597FB /* Pods-iHungryTests.debug.xcconfig */ = {isa = PBXFileReference; includeInIndex = 1; lastKnownFileType = text.xcconfig; name = "Pods-iHungryTests.debug.xcconfig"; path = "Pods/Target Support Files/Pods-iHungryTests/Pods-iHungryTests.debug.xcconfig"; sourceTree = "<group>"; };
		C3AAA52C4BBC3ED32D6BE2AF /* Pods_iHungryUITests.framework */ = {isa = PBXFileReference; explicitFileType = wrapper.framework; includeInIndex = 0; path = Pods_iHungryUITests.framework; sourceTree = BUILT_PRODUCTS_DIR; };
		EDB70A6027FA2F1D4A367456 /* Pods-iHungry.debug.xcconfig */ = {isa = PBXFileReference; includeInIndex = 1; lastKnownFileType = text.xcconfig; name = "Pods-iHungry.debug.xcconfig"; path = "Pods/Target Support Files/Pods-iHungry/Pods-iHungry.debug.xcconfig"; sourceTree = "<group>"; };
/* End PBXFileReference section */

/* Begin PBXFrameworksBuildPhase section */
		61F5DF671E2BED6D002F18B0 /* Frameworks */ = {
			isa = PBXFrameworksBuildPhase;
			buildActionMask = 2147483647;
			files = (
				3E983318A07B098F7C733A9C /* Pods_iHungry.framework in Frameworks */,
			);
			runOnlyForDeploymentPostprocessing = 0;
		};
		61F5DF7E1E2BED6D002F18B0 /* Frameworks */ = {
			isa = PBXFrameworksBuildPhase;
			buildActionMask = 2147483647;
			files = (
				52F12DCF3FCF4E133354E380 /* Pods_iHungryTests.framework in Frameworks */,
			);
			runOnlyForDeploymentPostprocessing = 0;
		};
		61F5DF891E2BED6D002F18B0 /* Frameworks */ = {
			isa = PBXFrameworksBuildPhase;
			buildActionMask = 2147483647;
			files = (
				2D11420DED589D2F582D1DC6 /* Pods_iHungryUITests.framework in Frameworks */,
			);
			runOnlyForDeploymentPostprocessing = 0;
		};
/* End PBXFrameworksBuildPhase section */

/* Begin PBXGroup section */
		09588FFB8E47AD13CBE4F743 /* Pods */ = {
			isa = PBXGroup;
			children = (
				EDB70A6027FA2F1D4A367456 /* Pods-iHungry.debug.xcconfig */,
				7D704046631F5B1FA7016291 /* Pods-iHungry.release.xcconfig */,
				95FD14C6CD6AFD39D49597FB /* Pods-iHungryTests.debug.xcconfig */,
				4A9E5D33CAFE4EF238629FB5 /* Pods-iHungryTests.release.xcconfig */,
				7A69D180BEA9E30E7212862D /* Pods-iHungryUITests.debug.xcconfig */,
				8D769E19F9BC6425D40315B4 /* Pods-iHungryUITests.release.xcconfig */,
			);
			name = Pods;
			sourceTree = "<group>";
		};
		61102C631E314C1400C04FD7 /* ManagedObjectModel */ = {
			isa = PBXGroup;
			children = (
			);
			name = ManagedObjectModel;
			sourceTree = "<group>";
		};
		6122BE811E2FD5F7000B6DF6 /* OrderManager */ = {
			isa = PBXGroup;
			children = (
				6122BE821E2FD627000B6DF6 /* OrderManager.swift */,
			);
			name = OrderManager;
			sourceTree = "<group>";
		};
		6122BE841E2FE6B9000B6DF6 /* Login */ = {
			isa = PBXGroup;
			children = (
				61F5DF6F1E2BED6D002F18B0 /* LoginViewController.swift */,
			);
			name = Login;
			sourceTree = "<group>";
		};
		6122BE851E2FE6C1000B6DF6 /* Home */ = {
			isa = PBXGroup;
			children = (
				61221B631E2EC59400268502 /* HomeViewController.swift */,
				619A4A271E3297DC007045DA /* HomeCustomTableViewCell.swift */,
			);
			name = Home;
			sourceTree = "<group>";
		};
		616733CD1E3123A20092E3EA /* Manager */ = {
			isa = PBXGroup;
			children = (
				616733CE1E3123D20092E3EA /* CoreDataManager.swift */,
				61F5DF741E2BED6D002F18B0 /* iHungry.xcdatamodeld */,
			);
			name = Manager;
			sourceTree = "<group>";
		};
		617A9C7E1E2BEFE900448986 /* Resources */ = {
			isa = PBXGroup;
			children = (
				617A9C801E2BF0D300448986 /* Interfaces */,
				617A9C7F1E2BF0C100448986 /* Supporting Files */,
			);
			name = Resources;
			sourceTree = "<group>";
		};
		617A9C7F1E2BF0C100448986 /* Supporting Files */ = {
			isa = PBXGroup;
			children = (
				61F5DF7C1E2BED6D002F18B0 /* Info.plist */,
			);
			name = "Supporting Files";
			sourceTree = "<group>";
		};
		617A9C801E2BF0D300448986 /* Interfaces */ = {
			isa = PBXGroup;
			children = (
				61F5DF771E2BED6D002F18B0 /* Assets.xcassets */,
				61F5DF711E2BED6D002F18B0 /* Main.storyboard */,
				619A4A281E3297DC007045DA /* HomeCustomTableViewCell.xib */,
				61A291691E32EAB200464095 /* FoodMenuCustomTableViewCell.xib */,
				61F5DF791E2BED6D002F18B0 /* LaunchScreen.storyboard */,
			);
			name = Interfaces;
			sourceTree = "<group>";
		};
		617A9C821E2BF11400448986 /* Sources */ = {
			isa = PBXGroup;
			children = (
				617A9C841E2BF13800448986 /* Core */,
				617A9C831E2BF12200448986 /* Presentation */,
			);
			name = Sources;
			sourceTree = "<group>";
		};
		617A9C831E2BF12200448986 /* Presentation */ = {
			isa = PBXGroup;
			children = (
				617A9C851E2BF14200448986 /* Interface */,
			);
			name = Presentation;
			sourceTree = "<group>";
		};
		617A9C841E2BF13800448986 /* Core */ = {
			isa = PBXGroup;
			children = (
				61F5DF6D1E2BED6D002F18B0 /* AppDelegate.swift */,
				617A9C8B1E2BF20300448986 /* Data */,
				617A9C8A1E2BF1DE00448986 /* Networking */,
				617A9C891E2BF1D600448986 /* Logic */,
			);
			name = Core;
			sourceTree = "<group>";
		};
		617A9C851E2BF14200448986 /* Interface */ = {
			isa = PBXGroup;
			children = (
				617A9C881E2BF15D00448986 /* Helpers */,
				617A9C871E2BF15700448986 /* Views */,
				617A9C861E2BF14F00448986 /* Controllers */,
			);
			name = Interface;
			sourceTree = "<group>";
		};
		617A9C861E2BF14F00448986 /* Controllers */ = {
			isa = PBXGroup;
			children = (
				6122BE841E2FE6B9000B6DF6 /* Login */,
				6122BE851E2FE6C1000B6DF6 /* Home */,
				61F396801E30122F0074AA47 /* FoodMenu */,
			);
			name = Controllers;
			sourceTree = "<group>";
		};
		617A9C871E2BF15700448986 /* Views */ = {
			isa = PBXGroup;
			children = (
			);
			name = Views;
			sourceTree = "<group>";
		};
		617A9C881E2BF15D00448986 /* Helpers */ = {
			isa = PBXGroup;
			children = (
				61AC75271E2C264A00E13F92 /* RoundedView.swift */,
				619A4A2B1E329DB5007045DA /* RoundedImageView.swift */,
				61AC75281E2C264A00E13F92 /* RoundedButton.swift */,
				61AC75291E2C264A00E13F92 /* RoundedTextField.swift */,
			);
			name = Helpers;
			sourceTree = "<group>";
		};
		617A9C891E2BF1D600448986 /* Logic */ = {
			isa = PBXGroup;
			children = (
				61E077331E2ECE5B00EFDF39 /* LoginManager */,
				6122BE811E2FD5F7000B6DF6 /* OrderManager */,
				61A2916C1E32F38D00464095 /* FoodMenuManager */,
			);
			name = Logic;
			sourceTree = "<group>";
		};
		617A9C8A1E2BF1DE00448986 /* Networking */ = {
			isa = PBXGroup;
			children = (
				61E0773A1E2ED56A00EFDF39 /* Stubs */,
				61E077361E2ED17C00EFDF39 /* URLs.swift */,
				612F095B1E2EDEF60008750D /* NetworkManager.swift */,
				61E077381E2ED1CC00EFDF39 /* NetworkHelpers.swift */,
			);
			name = Networking;
			sourceTree = "<group>";
		};
		617A9C8B1E2BF20300448986 /* Data */ = {
			isa = PBXGroup;
			children = (
				61102C631E314C1400C04FD7 /* ManagedObjectModel */,
				617A9C8D1E2BF20F00448986 /* ModelVO */,
				616733CD1E3123A20092E3EA /* Manager */,
			);
			name = Data;
			sourceTree = "<group>";
		};
		617A9C8D1E2BF20F00448986 /* ModelVO */ = {
			isa = PBXGroup;
			children = (
				61F3967E1E3007F40074AA47 /* OrderVO.swift */,
				61E0799B1E33094F005C7B05 /* FoodVO.swift */,
			);
			name = ModelVO;
			sourceTree = "<group>";
		};
		61A2916C1E32F38D00464095 /* FoodMenuManager */ = {
			isa = PBXGroup;
			children = (
				61E0799F1E33170B005C7B05 /* FoodMenuManager.swift */,
			);
			name = FoodMenuManager;
			sourceTree = "<group>";
		};
		61E077331E2ECE5B00EFDF39 /* LoginManager */ = {
			isa = PBXGroup;
			children = (
				61E077341E2ED06800EFDF39 /* LoginManager.swift */,
			);
			name = LoginManager;
			sourceTree = "<group>";
		};
		61E0773A1E2ED56A00EFDF39 /* Stubs */ = {
			isa = PBXGroup;
			children = (
				61E0773B1E2ED60400EFDF39 /* auth.json */,
				61E0799D1E330ED8005C7B05 /* foodMenu.json */,
			);
			name = Stubs;
			sourceTree = "<group>";
		};
		61F396801E30122F0074AA47 /* FoodMenu */ = {
			isa = PBXGroup;
			children = (
				61C0EBE81E30542B004643B1 /* FoodMenuViewController.swift */,
				61A291681E32EAB200464095 /* FoodMenuCustomTableViewCell.swift */,
			);
			name = FoodMenu;
			sourceTree = "<group>";
		};
		61F5DF611E2BED6D002F18B0 = {
			isa = PBXGroup;
			children = (
				61F5DF6C1E2BED6D002F18B0 /* iHungry */,
				61F5DF841E2BED6D002F18B0 /* iHungryTests */,
				61F5DF8F1E2BED6D002F18B0 /* iHungryUITests */,
				61F5DF6B1E2BED6D002F18B0 /* Products */,
				09588FFB8E47AD13CBE4F743 /* Pods */,
				C3380CAAB0570CE72833D7C3 /* Frameworks */,
			);
			sourceTree = "<group>";
		};
		61F5DF6B1E2BED6D002F18B0 /* Products */ = {
			isa = PBXGroup;
			children = (
				61F5DF6A1E2BED6D002F18B0 /* iHungry.app */,
				61F5DF811E2BED6D002F18B0 /* iHungryTests.xctest */,
				61F5DF8C1E2BED6D002F18B0 /* iHungryUITests.xctest */,
			);
			name = Products;
			sourceTree = "<group>";
		};
		61F5DF6C1E2BED6D002F18B0 /* iHungry */ = {
			isa = PBXGroup;
			children = (
				617A9C7E1E2BEFE900448986 /* Resources */,
				617A9C821E2BF11400448986 /* Sources */,
			);
			path = iHungry;
			sourceTree = "<group>";
		};
		61F5DF841E2BED6D002F18B0 /* iHungryTests */ = {
			isa = PBXGroup;
			children = (
				61F5DF851E2BED6D002F18B0 /* iHungryTests.swift */,
				61F5DF871E2BED6D002F18B0 /* Info.plist */,
			);
			path = iHungryTests;
			sourceTree = "<group>";
		};
		61F5DF8F1E2BED6D002F18B0 /* iHungryUITests */ = {
			isa = PBXGroup;
			children = (
				61F5DF901E2BED6D002F18B0 /* iHungryUITests.swift */,
				61F5DF921E2BED6D002F18B0 /* Info.plist */,
			);
			path = iHungryUITests;
			sourceTree = "<group>";
		};
		C3380CAAB0570CE72833D7C3 /* Frameworks */ = {
			isa = PBXGroup;
			children = (
				83FDD2A5E783905EB52DCAEE /* Pods_iHungry.framework */,
				28A101800B97881493C2445B /* Pods_iHungryTests.framework */,
				C3AAA52C4BBC3ED32D6BE2AF /* Pods_iHungryUITests.framework */,
			);
			name = Frameworks;
			sourceTree = "<group>";
		};
/* End PBXGroup section */

/* Begin PBXNativeTarget section */
		61F5DF691E2BED6D002F18B0 /* iHungry */ = {
			isa = PBXNativeTarget;
			buildConfigurationList = 61F5DF951E2BED6D002F18B0 /* Build configuration list for PBXNativeTarget "iHungry" */;
			buildPhases = (
				BE043FA2A68619AF3CD3B31A /* [CP] Check Pods Manifest.lock */,
				61F5DF661E2BED6D002F18B0 /* Sources */,
				61F5DF671E2BED6D002F18B0 /* Frameworks */,
				61F5DF681E2BED6D002F18B0 /* Resources */,
				2C9C5E1FE3A7FC6173C4B663 /* [CP] Embed Pods Frameworks */,
				2B3565DD395A4D380AADF282 /* [CP] Copy Pods Resources */,
			);
			buildRules = (
			);
			dependencies = (
			);
			name = iHungry;
			productName = iHungry;
			productReference = 61F5DF6A1E2BED6D002F18B0 /* iHungry.app */;
			productType = "com.apple.product-type.application";
		};
		61F5DF801E2BED6D002F18B0 /* iHungryTests */ = {
			isa = PBXNativeTarget;
			buildConfigurationList = 61F5DF981E2BED6D002F18B0 /* Build configuration list for PBXNativeTarget "iHungryTests" */;
			buildPhases = (
				925D2F924550E5556FD836D6 /* [CP] Check Pods Manifest.lock */,
				61F5DF7D1E2BED6D002F18B0 /* Sources */,
				61F5DF7E1E2BED6D002F18B0 /* Frameworks */,
				61F5DF7F1E2BED6D002F18B0 /* Resources */,
				9CD610D1528A419E72EF89BF /* [CP] Embed Pods Frameworks */,
				4CEA21F2C2230FAB3B285A0A /* [CP] Copy Pods Resources */,
			);
			buildRules = (
			);
			dependencies = (
				61F5DF831E2BED6D002F18B0 /* PBXTargetDependency */,
			);
			name = iHungryTests;
			productName = iHungryTests;
			productReference = 61F5DF811E2BED6D002F18B0 /* iHungryTests.xctest */;
			productType = "com.apple.product-type.bundle.unit-test";
		};
		61F5DF8B1E2BED6D002F18B0 /* iHungryUITests */ = {
			isa = PBXNativeTarget;
			buildConfigurationList = 61F5DF9B1E2BED6D002F18B0 /* Build configuration list for PBXNativeTarget "iHungryUITests" */;
			buildPhases = (
				80532D39D7CA8E2D4108E6E5 /* [CP] Check Pods Manifest.lock */,
				61F5DF881E2BED6D002F18B0 /* Sources */,
				61F5DF891E2BED6D002F18B0 /* Frameworks */,
				61F5DF8A1E2BED6D002F18B0 /* Resources */,
				454568A2BFDF6B94DECC941C /* [CP] Embed Pods Frameworks */,
				F554142787CA6DDBB867F69C /* [CP] Copy Pods Resources */,
			);
			buildRules = (
			);
			dependencies = (
				61F5DF8E1E2BED6D002F18B0 /* PBXTargetDependency */,
			);
			name = iHungryUITests;
			productName = iHungryUITests;
			productReference = 61F5DF8C1E2BED6D002F18B0 /* iHungryUITests.xctest */;
			productType = "com.apple.product-type.bundle.ui-testing";
		};
/* End PBXNativeTarget section */

/* Begin PBXProject section */
		61F5DF621E2BED6D002F18B0 /* Project object */ = {
			isa = PBXProject;
			attributes = {
				LastSwiftUpdateCheck = 0820;
				LastUpgradeCheck = 0820;
				ORGANIZATIONNAME = "Michael Douglas";
				TargetAttributes = {
					61F5DF691E2BED6D002F18B0 = {
						CreatedOnToolsVersion = 8.2.1;
						DevelopmentTeam = 4Q582659G6;
						ProvisioningStyle = Automatic;
					};
					61F5DF801E2BED6D002F18B0 = {
						CreatedOnToolsVersion = 8.2.1;
						DevelopmentTeam = 4Q582659G6;
						ProvisioningStyle = Automatic;
						TestTargetID = 61F5DF691E2BED6D002F18B0;
					};
					61F5DF8B1E2BED6D002F18B0 = {
						CreatedOnToolsVersion = 8.2.1;
						DevelopmentTeam = 4Q582659G6;
						ProvisioningStyle = Automatic;
						TestTargetID = 61F5DF691E2BED6D002F18B0;
					};
				};
			};
			buildConfigurationList = 61F5DF651E2BED6D002F18B0 /* Build configuration list for PBXProject "iHungry" */;
			compatibilityVersion = "Xcode 3.2";
			developmentRegion = English;
			hasScannedForEncodings = 0;
			knownRegions = (
				en,
				Base,
			);
			mainGroup = 61F5DF611E2BED6D002F18B0;
			productRefGroup = 61F5DF6B1E2BED6D002F18B0 /* Products */;
			projectDirPath = "";
			projectRoot = "";
			targets = (
				61F5DF691E2BED6D002F18B0 /* iHungry */,
				61F5DF801E2BED6D002F18B0 /* iHungryTests */,
				61F5DF8B1E2BED6D002F18B0 /* iHungryUITests */,
			);
		};
/* End PBXProject section */

/* Begin PBXResourcesBuildPhase section */
		61F5DF681E2BED6D002F18B0 /* Resources */ = {
			isa = PBXResourcesBuildPhase;
			buildActionMask = 2147483647;
			files = (
				61F5DF7B1E2BED6D002F18B0 /* LaunchScreen.storyboard in Resources */,
				61F5DF781E2BED6D002F18B0 /* Assets.xcassets in Resources */,
				61F5DF731E2BED6D002F18B0 /* Main.storyboard in Resources */,
				61A2916B1E32EAB200464095 /* FoodMenuCustomTableViewCell.xib in Resources */,
				61E0799E1E330ED8005C7B05 /* foodMenu.json in Resources */,
				619A4A2A1E3297DC007045DA /* HomeCustomTableViewCell.xib in Resources */,
				61E0773C1E2ED60400EFDF39 /* auth.json in Resources */,
			);
			runOnlyForDeploymentPostprocessing = 0;
		};
		61F5DF7F1E2BED6D002F18B0 /* Resources */ = {
			isa = PBXResourcesBuildPhase;
			buildActionMask = 2147483647;
			files = (
			);
			runOnlyForDeploymentPostprocessing = 0;
		};
		61F5DF8A1E2BED6D002F18B0 /* Resources */ = {
			isa = PBXResourcesBuildPhase;
			buildActionMask = 2147483647;
			files = (
			);
			runOnlyForDeploymentPostprocessing = 0;
		};
/* End PBXResourcesBuildPhase section */

/* Begin PBXShellScriptBuildPhase section */
		2B3565DD395A4D380AADF282 /* [CP] Copy Pods Resources */ = {
			isa = PBXShellScriptBuildPhase;
			buildActionMask = 2147483647;
			files = (
			);
			inputPaths = (
			);
			name = "[CP] Copy Pods Resources";
			outputPaths = (
			);
			runOnlyForDeploymentPostprocessing = 0;
			shellPath = /bin/sh;
			shellScript = "\"${SRCROOT}/Pods/Target Support Files/Pods-iHungry/Pods-iHungry-resources.sh\"\n";
			showEnvVarsInLog = 0;
		};
		2C9C5E1FE3A7FC6173C4B663 /* [CP] Embed Pods Frameworks */ = {
			isa = PBXShellScriptBuildPhase;
			buildActionMask = 2147483647;
			files = (
			);
			inputPaths = (
			);
			name = "[CP] Embed Pods Frameworks";
			outputPaths = (
			);
			runOnlyForDeploymentPostprocessing = 0;
			shellPath = /bin/sh;
			shellScript = "\"${SRCROOT}/Pods/Target Support Files/Pods-iHungry/Pods-iHungry-frameworks.sh\"\n";
			showEnvVarsInLog = 0;
		};
		454568A2BFDF6B94DECC941C /* [CP] Embed Pods Frameworks */ = {
			isa = PBXShellScriptBuildPhase;
			buildActionMask = 2147483647;
			files = (
			);
			inputPaths = (
			);
			name = "[CP] Embed Pods Frameworks";
			outputPaths = (
			);
			runOnlyForDeploymentPostprocessing = 0;
			shellPath = /bin/sh;
			shellScript = "\"${SRCROOT}/Pods/Target Support Files/Pods-iHungryUITests/Pods-iHungryUITests-frameworks.sh\"\n";
			showEnvVarsInLog = 0;
		};
		4CEA21F2C2230FAB3B285A0A /* [CP] Copy Pods Resources */ = {
			isa = PBXShellScriptBuildPhase;
			buildActionMask = 2147483647;
			files = (
			);
			inputPaths = (
			);
			name = "[CP] Copy Pods Resources";
			outputPaths = (
			);
			runOnlyForDeploymentPostprocessing = 0;
			shellPath = /bin/sh;
			shellScript = "\"${SRCROOT}/Pods/Target Support Files/Pods-iHungryTests/Pods-iHungryTests-resources.sh\"\n";
			showEnvVarsInLog = 0;
		};
		80532D39D7CA8E2D4108E6E5 /* [CP] Check Pods Manifest.lock */ = {
			isa = PBXShellScriptBuildPhase;
			buildActionMask = 2147483647;
			files = (
			);
			inputPaths = (
			);
			name = "[CP] Check Pods Manifest.lock";
			outputPaths = (
			);
			runOnlyForDeploymentPostprocessing = 0;
			shellPath = /bin/sh;
			shellScript = "diff \"${PODS_ROOT}/../Podfile.lock\" \"${PODS_ROOT}/Manifest.lock\" > /dev/null\nif [ $? != 0 ] ; then\n    # print error to STDERR\n    echo \"error: The sandbox is not in sync with the Podfile.lock. Run 'pod install' or update your CocoaPods installation.\" >&2\n    exit 1\nfi\n";
			showEnvVarsInLog = 0;
		};
		925D2F924550E5556FD836D6 /* [CP] Check Pods Manifest.lock */ = {
			isa = PBXShellScriptBuildPhase;
			buildActionMask = 2147483647;
			files = (
			);
			inputPaths = (
			);
			name = "[CP] Check Pods Manifest.lock";
			outputPaths = (
			);
			runOnlyForDeploymentPostprocessing = 0;
			shellPath = /bin/sh;
			shellScript = "diff \"${PODS_ROOT}/../Podfile.lock\" \"${PODS_ROOT}/Manifest.lock\" > /dev/null\nif [ $? != 0 ] ; then\n    # print error to STDERR\n    echo \"error: The sandbox is not in sync with the Podfile.lock. Run 'pod install' or update your CocoaPods installation.\" >&2\n    exit 1\nfi\n";
			showEnvVarsInLog = 0;
		};
		9CD610D1528A419E72EF89BF /* [CP] Embed Pods Frameworks */ = {
			isa = PBXShellScriptBuildPhase;
			buildActionMask = 2147483647;
			files = (
			);
			inputPaths = (
			);
			name = "[CP] Embed Pods Frameworks";
			outputPaths = (
			);
			runOnlyForDeploymentPostprocessing = 0;
			shellPath = /bin/sh;
			shellScript = "\"${SRCROOT}/Pods/Target Support Files/Pods-iHungryTests/Pods-iHungryTests-frameworks.sh\"\n";
			showEnvVarsInLog = 0;
		};
		BE043FA2A68619AF3CD3B31A /* [CP] Check Pods Manifest.lock */ = {
			isa = PBXShellScriptBuildPhase;
			buildActionMask = 2147483647;
			files = (
			);
			inputPaths = (
			);
			name = "[CP] Check Pods Manifest.lock";
			outputPaths = (
			);
			runOnlyForDeploymentPostprocessing = 0;
			shellPath = /bin/sh;
			shellScript = "diff \"${PODS_ROOT}/../Podfile.lock\" \"${PODS_ROOT}/Manifest.lock\" > /dev/null\nif [ $? != 0 ] ; then\n    # print error to STDERR\n    echo \"error: The sandbox is not in sync with the Podfile.lock. Run 'pod install' or update your CocoaPods installation.\" >&2\n    exit 1\nfi\n";
			showEnvVarsInLog = 0;
		};
		F554142787CA6DDBB867F69C /* [CP] Copy Pods Resources */ = {
			isa = PBXShellScriptBuildPhase;
			buildActionMask = 2147483647;
			files = (
			);
			inputPaths = (
			);
			name = "[CP] Copy Pods Resources";
			outputPaths = (
			);
			runOnlyForDeploymentPostprocessing = 0;
			shellPath = /bin/sh;
			shellScript = "\"${SRCROOT}/Pods/Target Support Files/Pods-iHungryUITests/Pods-iHungryUITests-resources.sh\"\n";
			showEnvVarsInLog = 0;
		};
/* End PBXShellScriptBuildPhase section */

/* Begin PBXSourcesBuildPhase section */
		61F5DF661E2BED6D002F18B0 /* Sources */ = {
			isa = PBXSourcesBuildPhase;
			buildActionMask = 2147483647;
			files = (
				612F095C1E2EDEF60008750D /* NetworkManager.swift in Sources */,
				61E077391E2ED1CC00EFDF39 /* NetworkHelpers.swift in Sources */,
				619A4A291E3297DC007045DA /* HomeCustomTableViewCell.swift in Sources */,
				61E0799C1E33094F005C7B05 /* FoodVO.swift in Sources */,
				61F3967F1E3007F40074AA47 /* OrderVO.swift in Sources */,
				616733CF1E3123D20092E3EA /* CoreDataManager.swift in Sources */,
				61C0EBE91E30542B004643B1 /* FoodMenuViewController.swift in Sources */,
				61AC752A1E2C264A00E13F92 /* RoundedView.swift in Sources */,
				61AC752C1E2C264A00E13F92 /* RoundedTextField.swift in Sources */,
				6122BE831E2FD627000B6DF6 /* OrderManager.swift in Sources */,
				619A4A2C1E329DB5007045DA /* RoundedImageView.swift in Sources */,
				61AC752B1E2C264A00E13F92 /* RoundedButton.swift in Sources */,
				61E079A01E33170B005C7B05 /* FoodMenuManager.swift in Sources */,
				61A2916A1E32EAB200464095 /* FoodMenuCustomTableViewCell.swift in Sources */,
				61221B641E2EC59400268502 /* HomeViewController.swift in Sources */,
				61F5DF701E2BED6D002F18B0 /* LoginViewController.swift in Sources */,
				61E077371E2ED17C00EFDF39 /* URLs.swift in Sources */,
				61E077351E2ED06800EFDF39 /* LoginManager.swift in Sources */,
				61F5DF761E2BED6D002F18B0 /* iHungry.xcdatamodeld in Sources */,
				61F5DF6E1E2BED6D002F18B0 /* AppDelegate.swift in Sources */,
			);
			runOnlyForDeploymentPostprocessing = 0;
		};
		61F5DF7D1E2BED6D002F18B0 /* Sources */ = {
			isa = PBXSourcesBuildPhase;
			buildActionMask = 2147483647;
			files = (
				61F5DF861E2BED6D002F18B0 /* iHungryTests.swift in Sources */,
			);
			runOnlyForDeploymentPostprocessing = 0;
		};
		61F5DF881E2BED6D002F18B0 /* Sources */ = {
			isa = PBXSourcesBuildPhase;
			buildActionMask = 2147483647;
			files = (
				61F5DF911E2BED6D002F18B0 /* iHungryUITests.swift in Sources */,
			);
			runOnlyForDeploymentPostprocessing = 0;
		};
/* End PBXSourcesBuildPhase section */

/* Begin PBXTargetDependency section */
		61F5DF831E2BED6D002F18B0 /* PBXTargetDependency */ = {
			isa = PBXTargetDependency;
			target = 61F5DF691E2BED6D002F18B0 /* iHungry */;
			targetProxy = 61F5DF821E2BED6D002F18B0 /* PBXContainerItemProxy */;
		};
		61F5DF8E1E2BED6D002F18B0 /* PBXTargetDependency */ = {
			isa = PBXTargetDependency;
			target = 61F5DF691E2BED6D002F18B0 /* iHungry */;
			targetProxy = 61F5DF8D1E2BED6D002F18B0 /* PBXContainerItemProxy */;
		};
/* End PBXTargetDependency section */

/* Begin PBXVariantGroup section */
		61F5DF711E2BED6D002F18B0 /* Main.storyboard */ = {
			isa = PBXVariantGroup;
			children = (
				61F5DF721E2BED6D002F18B0 /* Base */,
			);
			name = Main.storyboard;
			sourceTree = "<group>";
		};
		61F5DF791E2BED6D002F18B0 /* LaunchScreen.storyboard */ = {
			isa = PBXVariantGroup;
			children = (
				61F5DF7A1E2BED6D002F18B0 /* Base */,
			);
			name = LaunchScreen.storyboard;
			sourceTree = "<group>";
		};
/* End PBXVariantGroup section */

/* Begin XCBuildConfiguration section */
		61F5DF931E2BED6D002F18B0 /* Debug */ = {
			isa = XCBuildConfiguration;
			buildSettings = {
				ALWAYS_SEARCH_USER_PATHS = NO;
				CLANG_ANALYZER_NONNULL = YES;
				CLANG_CXX_LANGUAGE_STANDARD = "gnu++0x";
				CLANG_CXX_LIBRARY = "libc++";
				CLANG_ENABLE_MODULES = YES;
				CLANG_ENABLE_OBJC_ARC = YES;
				CLANG_WARN_BOOL_CONVERSION = YES;
				CLANG_WARN_CONSTANT_CONVERSION = YES;
				CLANG_WARN_DIRECT_OBJC_ISA_USAGE = YES_ERROR;
				CLANG_WARN_DOCUMENTATION_COMMENTS = YES;
				CLANG_WARN_EMPTY_BODY = YES;
				CLANG_WARN_ENUM_CONVERSION = YES;
				CLANG_WARN_INFINITE_RECURSION = YES;
				CLANG_WARN_INT_CONVERSION = YES;
				CLANG_WARN_OBJC_ROOT_CLASS = YES_ERROR;
				CLANG_WARN_SUSPICIOUS_MOVE = YES;
				CLANG_WARN_UNREACHABLE_CODE = YES;
				CLANG_WARN__DUPLICATE_METHOD_MATCH = YES;
				"CODE_SIGN_IDENTITY[sdk=iphoneos*]" = "iPhone Developer";
				COPY_PHASE_STRIP = NO;
				DEBUG_INFORMATION_FORMAT = dwarf;
				ENABLE_STRICT_OBJC_MSGSEND = YES;
				ENABLE_TESTABILITY = YES;
				GCC_C_LANGUAGE_STANDARD = gnu99;
				GCC_DYNAMIC_NO_PIC = NO;
				GCC_NO_COMMON_BLOCKS = YES;
				GCC_OPTIMIZATION_LEVEL = 0;
				GCC_PREPROCESSOR_DEFINITIONS = (
					"DEBUG=1",
					"$(inherited)",
				);
				GCC_WARN_64_TO_32_BIT_CONVERSION = YES;
				GCC_WARN_ABOUT_RETURN_TYPE = YES_ERROR;
				GCC_WARN_UNDECLARED_SELECTOR = YES;
				GCC_WARN_UNINITIALIZED_AUTOS = YES_AGGRESSIVE;
				GCC_WARN_UNUSED_FUNCTION = YES;
				GCC_WARN_UNUSED_VARIABLE = YES;
				IPHONEOS_DEPLOYMENT_TARGET = 10.2;
				MTL_ENABLE_DEBUG_INFO = YES;
				ONLY_ACTIVE_ARCH = YES;
				SDKROOT = iphoneos;
				SWIFT_ACTIVE_COMPILATION_CONDITIONS = DEBUG;
				SWIFT_OPTIMIZATION_LEVEL = "-Onone";
				TARGETED_DEVICE_FAMILY = "1,2";
			};
			name = Debug;
		};
		61F5DF941E2BED6D002F18B0 /* Release */ = {
			isa = XCBuildConfiguration;
			buildSettings = {
				ALWAYS_SEARCH_USER_PATHS = NO;
				CLANG_ANALYZER_NONNULL = YES;
				CLANG_CXX_LANGUAGE_STANDARD = "gnu++0x";
				CLANG_CXX_LIBRARY = "libc++";
				CLANG_ENABLE_MODULES = YES;
				CLANG_ENABLE_OBJC_ARC = YES;
				CLANG_WARN_BOOL_CONVERSION = YES;
				CLANG_WARN_CONSTANT_CONVERSION = YES;
				CLANG_WARN_DIRECT_OBJC_ISA_USAGE = YES_ERROR;
				CLANG_WARN_DOCUMENTATION_COMMENTS = YES;
				CLANG_WARN_EMPTY_BODY = YES;
				CLANG_WARN_ENUM_CONVERSION = YES;
				CLANG_WARN_INFINITE_RECURSION = YES;
				CLANG_WARN_INT_CONVERSION = YES;
				CLANG_WARN_OBJC_ROOT_CLASS = YES_ERROR;
				CLANG_WARN_SUSPICIOUS_MOVE = YES;
				CLANG_WARN_UNREACHABLE_CODE = YES;
				CLANG_WARN__DUPLICATE_METHOD_MATCH = YES;
				"CODE_SIGN_IDENTITY[sdk=iphoneos*]" = "iPhone Developer";
				COPY_PHASE_STRIP = NO;
				DEBUG_INFORMATION_FORMAT = "dwarf-with-dsym";
				ENABLE_NS_ASSERTIONS = NO;
				ENABLE_STRICT_OBJC_MSGSEND = YES;
				GCC_C_LANGUAGE_STANDARD = gnu99;
				GCC_NO_COMMON_BLOCKS = YES;
				GCC_WARN_64_TO_32_BIT_CONVERSION = YES;
				GCC_WARN_ABOUT_RETURN_TYPE = YES_ERROR;
				GCC_WARN_UNDECLARED_SELECTOR = YES;
				GCC_WARN_UNINITIALIZED_AUTOS = YES_AGGRESSIVE;
				GCC_WARN_UNUSED_FUNCTION = YES;
				GCC_WARN_UNUSED_VARIABLE = YES;
				IPHONEOS_DEPLOYMENT_TARGET = 10.2;
				MTL_ENABLE_DEBUG_INFO = NO;
				SDKROOT = iphoneos;
				SWIFT_OPTIMIZATION_LEVEL = "-Owholemodule";
				TARGETED_DEVICE_FAMILY = "1,2";
				VALIDATE_PRODUCT = YES;
			};
			name = Release;
		};
		61F5DF961E2BED6D002F18B0 /* Debug */ = {
			isa = XCBuildConfiguration;
			baseConfigurationReference = EDB70A6027FA2F1D4A367456 /* Pods-iHungry.debug.xcconfig */;
			buildSettings = {
				ALWAYS_EMBED_SWIFT_STANDARD_LIBRARIES = YES;
				ASSETCATALOG_COMPILER_APPICON_NAME = AppIcon;
				DEVELOPMENT_TEAM = 4Q582659G6;
				INFOPLIST_FILE = iHungry/Info.plist;
				LD_RUNPATH_SEARCH_PATHS = "$(inherited) @executable_path/Frameworks";
				PRODUCT_BUNDLE_IDENTIFIER = com.michaeldouglas.capcompany.iHungry;
				PRODUCT_NAME = "$(TARGET_NAME)";
				SWIFT_VERSION = 3.0;
			};
			name = Debug;
		};
		61F5DF971E2BED6D002F18B0 /* Release */ = {
			isa = XCBuildConfiguration;
			baseConfigurationReference = 7D704046631F5B1FA7016291 /* Pods-iHungry.release.xcconfig */;
			buildSettings = {
				ALWAYS_EMBED_SWIFT_STANDARD_LIBRARIES = YES;
				ASSETCATALOG_COMPILER_APPICON_NAME = AppIcon;
				DEVELOPMENT_TEAM = 4Q582659G6;
				INFOPLIST_FILE = iHungry/Info.plist;
				LD_RUNPATH_SEARCH_PATHS = "$(inherited) @executable_path/Frameworks";
				PRODUCT_BUNDLE_IDENTIFIER = com.michaeldouglas.capcompany.iHungry;
				PRODUCT_NAME = "$(TARGET_NAME)";
				SWIFT_VERSION = 3.0;
			};
			name = Release;
		};
		61F5DF991E2BED6D002F18B0 /* Debug */ = {
			isa = XCBuildConfiguration;
			baseConfigurationReference = 95FD14C6CD6AFD39D49597FB /* Pods-iHungryTests.debug.xcconfig */;
			buildSettings = {
				ALWAYS_EMBED_SWIFT_STANDARD_LIBRARIES = YES;
				BUNDLE_LOADER = "$(TEST_HOST)";
				DEVELOPMENT_TEAM = 4Q582659G6;
				INFOPLIST_FILE = iHungryTests/Info.plist;
				LD_RUNPATH_SEARCH_PATHS = "$(inherited) @executable_path/Frameworks @loader_path/Frameworks";
				PRODUCT_BUNDLE_IDENTIFIER = com.michaeldouglas.capcompany.iHungryTests;
				PRODUCT_NAME = "$(TARGET_NAME)";
				SWIFT_VERSION = 3.0;
				TEST_HOST = "$(BUILT_PRODUCTS_DIR)/iHungry.app/iHungry";
			};
			name = Debug;
		};
		61F5DF9A1E2BED6D002F18B0 /* Release */ = {
			isa = XCBuildConfiguration;
			baseConfigurationReference = 4A9E5D33CAFE4EF238629FB5 /* Pods-iHungryTests.release.xcconfig */;
			buildSettings = {
				ALWAYS_EMBED_SWIFT_STANDARD_LIBRARIES = YES;
				BUNDLE_LOADER = "$(TEST_HOST)";
				DEVELOPMENT_TEAM = 4Q582659G6;
				INFOPLIST_FILE = iHungryTests/Info.plist;
				LD_RUNPATH_SEARCH_PATHS = "$(inherited) @executable_path/Frameworks @loader_path/Frameworks";
				PRODUCT_BUNDLE_IDENTIFIER = com.michaeldouglas.capcompany.iHungryTests;
				PRODUCT_NAME = "$(TARGET_NAME)";
				SWIFT_VERSION = 3.0;
				TEST_HOST = "$(BUILT_PRODUCTS_DIR)/iHungry.app/iHungry";
			};
			name = Release;
		};
		61F5DF9C1E2BED6D002F18B0 /* Debug */ = {
			isa = XCBuildConfiguration;
			baseConfigurationReference = 7A69D180BEA9E30E7212862D /* Pods-iHungryUITests.debug.xcconfig */;
			buildSettings = {
				ALWAYS_EMBED_SWIFT_STANDARD_LIBRARIES = YES;
				DEVELOPMENT_TEAM = 4Q582659G6;
				INFOPLIST_FILE = iHungryUITests/Info.plist;
				LD_RUNPATH_SEARCH_PATHS = "$(inherited) @executable_path/Frameworks @loader_path/Frameworks";
				PRODUCT_BUNDLE_IDENTIFIER = com.michaeldouglas.capcompany.iHungryUITests;
				PRODUCT_NAME = "$(TARGET_NAME)";
				SWIFT_VERSION = 3.0;
				TEST_TARGET_NAME = iHungry;
			};
			name = Debug;
		};
		61F5DF9D1E2BED6D002F18B0 /* Release */ = {
			isa = XCBuildConfiguration;
			baseConfigurationReference = 8D769E19F9BC6425D40315B4 /* Pods-iHungryUITests.release.xcconfig */;
			buildSettings = {
				ALWAYS_EMBED_SWIFT_STANDARD_LIBRARIES = YES;
				DEVELOPMENT_TEAM = 4Q582659G6;
				INFOPLIST_FILE = iHungryUITests/Info.plist;
				LD_RUNPATH_SEARCH_PATHS = "$(inherited) @executable_path/Frameworks @loader_path/Frameworks";
				PRODUCT_BUNDLE_IDENTIFIER = com.michaeldouglas.capcompany.iHungryUITests;
				PRODUCT_NAME = "$(TARGET_NAME)";
				SWIFT_VERSION = 3.0;
				TEST_TARGET_NAME = iHungry;
			};
			name = Release;
		};
/* End XCBuildConfiguration section */

/* Begin XCConfigurationList section */
		61F5DF651E2BED6D002F18B0 /* Build configuration list for PBXProject "iHungry" */ = {
			isa = XCConfigurationList;
			buildConfigurations = (
				61F5DF931E2BED6D002F18B0 /* Debug */,
				61F5DF941E2BED6D002F18B0 /* Release */,
			);
			defaultConfigurationIsVisible = 0;
			defaultConfigurationName = Release;
		};
		61F5DF951E2BED6D002F18B0 /* Build configuration list for PBXNativeTarget "iHungry" */ = {
			isa = XCConfigurationList;
			buildConfigurations = (
				61F5DF961E2BED6D002F18B0 /* Debug */,
				61F5DF971E2BED6D002F18B0 /* Release */,
			);
			defaultConfigurationIsVisible = 0;
			defaultConfigurationName = Release;
		};
		61F5DF981E2BED6D002F18B0 /* Build configuration list for PBXNativeTarget "iHungryTests" */ = {
			isa = XCConfigurationList;
			buildConfigurations = (
				61F5DF991E2BED6D002F18B0 /* Debug */,
				61F5DF9A1E2BED6D002F18B0 /* Release */,
			);
			defaultConfigurationIsVisible = 0;
			defaultConfigurationName = Release;
		};
		61F5DF9B1E2BED6D002F18B0 /* Build configuration list for PBXNativeTarget "iHungryUITests" */ = {
			isa = XCConfigurationList;
			buildConfigurations = (
				61F5DF9C1E2BED6D002F18B0 /* Debug */,
				61F5DF9D1E2BED6D002F18B0 /* Release */,
			);
			defaultConfigurationIsVisible = 0;
			defaultConfigurationName = Release;
		};
/* End XCConfigurationList section */

/* Begin XCVersionGroup section */
		61F5DF741E2BED6D002F18B0 /* iHungry.xcdatamodeld */ = {
			isa = XCVersionGroup;
			children = (
				61F5DF751E2BED6D002F18B0 /* iHungry.xcdatamodel */,
			);
			currentVersion = 61F5DF751E2BED6D002F18B0 /* iHungry.xcdatamodel */;
			path = iHungry.xcdatamodeld;
			sourceTree = "<group>";
			versionGroupType = wrapper.xcdatamodel;
		};
/* End XCVersionGroup section */
	};
	rootObject = 61F5DF621E2BED6D002F18B0 /* Project object */;
}
